
Microsoft Visual Studio Solution File, Format Version 12.00
# Visual Studio 15
Project("{FAE04EC0-301F-11D3-BF4B-00C04F79EFBC}") = "Assembly-CSharp", "Assembly-CSharp.csproj", "{924081FB-EFB5-586D-EA03-01D78F249410}"
EndProject
Project("{FAE04EC0-301F-11D3-BF4B-00C04F79EFBC}") = "Assembly-CSharp-firstpass", "Assembly-CSharp-firstpass.csproj", "{068EFDFF-A45A-00A8-00CD-6557CC261F43}"
EndProject
Project("{FAE04EC0-301F-11D3-BF4B-00C04F79EFBC}") = "Assembly-CSharp-Editor-firstpass", "Assembly-CSharp-Editor-firstpass.csproj", "{910C75E6-0AC2-EC5E-1994-632D8DBE65E0}"
EndProject
Global
	GlobalSection(SolutionConfigurationPlatforms) = preSolution
		Debug|Any CPU = Debug|Any CPU
		Release|Any CPU = Release|Any CPU
	EndGlobalSection
	GlobalSection(ProjectConfigurationPlatforms) = postSolution
		{924081FB-EFB5-586D-EA03-01D78F249410}.Debug|Any CPU.ActiveCfg = Debug|Any CPU
		{924081FB-EFB5-586D-EA03-01D78F249410}.Debug|Any CPU.Build.0 = Debug|Any CPU
		{924081FB-EFB5-586D-EA03-01D78F249410}.Release|Any CPU.ActiveCfg = Release|Any CPU
		{924081FB-EFB5-586D-EA03-01D78F249410}.Release|Any CPU.Build.0 = Release|Any CPU
		{068EFDFF-A45A-00A8-00CD-6557CC261F43}.Debug|Any CPU.ActiveCfg = Debug|Any CPU
		{068EFDFF-A45A-00A8-00CD-6557CC261F43}.Debug|Any CPU.Build.0 = Debug|Any CPU
		{068EFDFF-A45A-00A8-00CD-6557CC261F43}.Release|Any CPU.ActiveCfg = Release|Any CPU
		{068EFDFF-A45A-00A8-00CD-6557CC261F43}.Release|Any CPU.Build.0 = Release|Any CPU
		{910C75E6-0AC2-EC5E-1994-632D8DBE65E0}.Debug|Any CPU.ActiveCfg = Debug|Any CPU
		{910C75E6-0AC2-EC5E-1994-632D8DBE65E0}.Debug|Any CPU.Build.0 = Debug|Any CPU
		{910C75E6-0AC2-EC5E-1994-632D8DBE65E0}.Release|Any CPU.ActiveCfg = Release|Any CPU
		{910C75E6-0AC2-EC5E-1994-632D8DBE65E0}.Release|Any CPU.Build.0 = Release|Any CPU
	EndGlobalSection
	GlobalSection(SolutionProperties) = preSolution
		HideSolutionNode = FALSE
	EndGlobalSection
	GlobalSection(MonoDevelopProperties) = preSolution
		StartupItem = Assembly-CSharp.csproj
	EndGlobalSection
EndGlobal
